
Microsoft Visual Studio Solution File, Format Version 12.00
Project("{FAE04EC0-301F-11D3-BF4B-00C04F79EFBC}") = "Storehouse.Manager", "Storehouse.Manager\Storehouse.Manager.csproj", "{6C3B7B38-BEAA-4037-853E-6946C565FF0F}"
EndProject
Project("{FAE04EC0-301F-11D3-BF4B-00C04F79EFBC}") = "Storehouse.Tests", "Storehouse.Tests\Storehouse.Tests.csproj", "{F6359E51-B9AD-4271-A5B7-C0DCDBBCE477}"
EndProject
Project("{FAE04EC0-301F-11D3-BF4B-00C04F79EFBC}") = "Storehouse.Database", "Storehouse.Database\Storehouse.Database.csproj", "{9257916D-3C86-4531-8BAB-11C59864B8DD}"
EndProject
Global
	GlobalSection(SolutionConfigurationPlatforms) = preSolution
		Debug|Any CPU = Debug|Any CPU
		Release|Any CPU = Release|Any CPU
	EndGlobalSection
	GlobalSection(ProjectConfigurationPlatforms) = postSolution
		{6C3B7B38-BEAA-4037-853E-6946C565FF0F}.Debug|Any CPU.ActiveCfg = Debug|Any CPU
		{6C3B7B38-BEAA-4037-853E-6946C565FF0F}.Debug|Any CPU.Build.0 = Debug|Any CPU
		{6C3B7B38-BEAA-4037-853E-6946C565FF0F}.Release|Any CPU.ActiveCfg = Release|Any CPU
		{6C3B7B38-BEAA-4037-853E-6946C565FF0F}.Release|Any CPU.Build.0 = Release|Any CPU
		{F6359E51-B9AD-4271-A5B7-C0DCDBBCE477}.Debug|Any CPU.ActiveCfg = Debug|Any CPU
		{F6359E51-B9AD-4271-A5B7-C0DCDBBCE477}.Debug|Any CPU.Build.0 = Debug|Any CPU
		{F6359E51-B9AD-4271-A5B7-C0DCDBBCE477}.Release|Any CPU.ActiveCfg = Release|Any CPU
		{F6359E51-B9AD-4271-A5B7-C0DCDBBCE477}.Release|Any CPU.Build.0 = Release|Any CPU
		{9257916D-3C86-4531-8BAB-11C59864B8DD}.Debug|Any CPU.ActiveCfg = Debug|Any CPU
		{9257916D-3C86-4531-8BAB-11C59864B8DD}.Debug|Any CPU.Build.0 = Debug|Any CPU
		{9257916D-3C86-4531-8BAB-11C59864B8DD}.Release|Any CPU.ActiveCfg = Release|Any CPU
		{9257916D-3C86-4531-8BAB-11C59864B8DD}.Release|Any CPU.Build.0 = Release|Any CPU
	EndGlobalSection
EndGlobal
